
Microsoft Visual Studio Solution File, Format Version 12.00
# Visual Studio Version 17
VisualStudioVersion = 17.12.35707.178
MinimumVisualStudioVersion = 10.0.40219.1
Project("{FAE04EC0-301F-11D3-BF4B-00C04F79EFBC}") = "POO", "POO\POO.csproj", "{EC06C6D8-815F-4A4E-960B-63F580BD5C7B}"
EndProject
Project("{FAE04EC0-301F-11D3-BF4B-00C04F79EFBC}") = "Exercicios", "Exercicios\Exercicios.csproj", "{4B82052A-906C-48C3-9793-E006F0627A51}"
EndProject
Project("{FAE04EC0-301F-11D3-BF4B-00C04F79EFBC}") = "ExercicioHerancaEncapsulamento", "ExercicioHerancaEncapsulamento\ExercicioHerancaEncapsulamento.csproj", "{AD2BB46D-8AE6-4413-86F6-2B7E3B623540}"
EndProject
Project("{FAE04EC0-301F-11D3-BF4B-00C04F79EFBC}") = "Heranca", "Heranca\Heranca.csproj", "{3FB02D73-E8D1-4490-8740-B3CD72624406}"
EndProject
Project("{FAE04EC0-301F-11D3-BF4B-00C04F79EFBC}") = "SistemaDeControleDeEstoque", "SistemaDeControleDeEstoque\SistemaDeControleDeEstoque.csproj", "{098FFDEB-743E-4F60-B63A-7496E6A918CA}"
EndProject
Project("{FAE04EC0-301F-11D3-BF4B-00C04F79EFBC}") = "Abstracao", "Abstracao\Abstracao.csproj", "{12E2961D-9660-436F-A328-56FDF40CD9F2}"
EndProject
Global
	GlobalSection(SolutionConfigurationPlatforms) = preSolution
		Debug|Any CPU = Debug|Any CPU
		Release|Any CPU = Release|Any CPU
	EndGlobalSection
	GlobalSection(ProjectConfigurationPlatforms) = postSolution
		{EC06C6D8-815F-4A4E-960B-63F580BD5C7B}.Debug|Any CPU.ActiveCfg = Debug|Any CPU
		{EC06C6D8-815F-4A4E-960B-63F580BD5C7B}.Debug|Any CPU.Build.0 = Debug|Any CPU
		{EC06C6D8-815F-4A4E-960B-63F580BD5C7B}.Release|Any CPU.ActiveCfg = Release|Any CPU
		{EC06C6D8-815F-4A4E-960B-63F580BD5C7B}.Release|Any CPU.Build.0 = Release|Any CPU
		{4B82052A-906C-48C3-9793-E006F0627A51}.Debug|Any CPU.ActiveCfg = Debug|Any CPU
		{4B82052A-906C-48C3-9793-E006F0627A51}.Debug|Any CPU.Build.0 = Debug|Any CPU
		{4B82052A-906C-48C3-9793-E006F0627A51}.Release|Any CPU.ActiveCfg = Release|Any CPU
		{4B82052A-906C-48C3-9793-E006F0627A51}.Release|Any CPU.Build.0 = Release|Any CPU
		{AD2BB46D-8AE6-4413-86F6-2B7E3B623540}.Debug|Any CPU.ActiveCfg = Debug|Any CPU
		{AD2BB46D-8AE6-4413-86F6-2B7E3B623540}.Debug|Any CPU.Build.0 = Debug|Any CPU
		{AD2BB46D-8AE6-4413-86F6-2B7E3B623540}.Release|Any CPU.ActiveCfg = Release|Any CPU
		{AD2BB46D-8AE6-4413-86F6-2B7E3B623540}.Release|Any CPU.Build.0 = Release|Any CPU
		{3FB02D73-E8D1-4490-8740-B3CD72624406}.Debug|Any CPU.ActiveCfg = Debug|Any CPU
		{3FB02D73-E8D1-4490-8740-B3CD72624406}.Debug|Any CPU.Build.0 = Debug|Any CPU
		{3FB02D73-E8D1-4490-8740-B3CD72624406}.Release|Any CPU.ActiveCfg = Release|Any CPU
		{3FB02D73-E8D1-4490-8740-B3CD72624406}.Release|Any CPU.Build.0 = Release|Any CPU
		{098FFDEB-743E-4F60-B63A-7496E6A918CA}.Debug|Any CPU.ActiveCfg = Debug|Any CPU
		{098FFDEB-743E-4F60-B63A-7496E6A918CA}.Debug|Any CPU.Build.0 = Debug|Any CPU
		{098FFDEB-743E-4F60-B63A-7496E6A918CA}.Release|Any CPU.ActiveCfg = Release|Any CPU
		{098FFDEB-743E-4F60-B63A-7496E6A918CA}.Release|Any CPU.Build.0 = Release|Any CPU
		{12E2961D-9660-436F-A328-56FDF40CD9F2}.Debug|Any CPU.ActiveCfg = Debug|Any CPU
		{12E2961D-9660-436F-A328-56FDF40CD9F2}.Debug|Any CPU.Build.0 = Debug|Any CPU
		{12E2961D-9660-436F-A328-56FDF40CD9F2}.Release|Any CPU.ActiveCfg = Release|Any CPU
		{12E2961D-9660-436F-A328-56FDF40CD9F2}.Release|Any CPU.Build.0 = Release|Any CPU
	EndGlobalSection
	GlobalSection(SolutionProperties) = preSolution
		HideSolutionNode = FALSE
	EndGlobalSection
EndGlobal
